// !$*UTF8*$!
{
	archiveVersion = 1;
	classes = {
	};
	objectVersion = 50;
	objects = {

/* Begin PBXBuildFile section */
		029046BC21CA204C000879FE /* AppDelegate.m in Sources */ = {isa = PBXBuildFile; fileRef = 029046BB21CA204C000879FE /* AppDelegate.m */; };
		029046BF21CA204C000879FE /* ViewController.m in Sources */ = {isa = PBXBuildFile; fileRef = 029046BE21CA204C000879FE /* ViewController.m */; };
		029046C221CA204C000879FE /* Main.storyboard in Resources */ = {isa = PBXBuildFile; fileRef = 029046C021CA204C000879FE /* Main.storyboard */; };
		029046C421CA204E000879FE /* Assets.xcassets in Resources */ = {isa = PBXBuildFile; fileRef = 029046C321CA204E000879FE /* Assets.xcassets */; };
		029046C721CA204E000879FE /* LaunchScreen.storyboard in Resources */ = {isa = PBXBuildFile; fileRef = 029046C521CA204E000879FE /* LaunchScreen.storyboard */; };
		029046CA21CA204E000879FE /* main.m in Sources */ = {isa = PBXBuildFile; fileRef = 029046C921CA204E000879FE /* main.m */; };
/* End PBXBuildFile section */

/* Begin PBXFileReference section */
		029046B721CA204C000879FE /* TRSpecificationsChooseView.app */ = {isa = PBXFileReference; explicitFileType = wrapper.application; includeInIndex = 0; path = TRSpecificationsChooseView.app; sourceTree = BUILT_PRODUCTS_DIR; };
		029046BA21CA204C000879FE /* AppDelegate.h */ = {isa = PBXFileReference; lastKnownFileType = sourcecode.c.h; path = AppDelegate.h; sourceTree = "<group>"; };
		029046BB21CA204C000879FE /* AppDelegate.m */ = {isa = PBXFileReference; lastKnownFileType = sourcecode.c.objc; path = AppDelegate.m; sourceTree = "<group>"; };
		029046BD21CA204C000879FE /* ViewController.h */ = {isa = PBXFileReference; lastKnownFileType = sourcecode.c.h; path = ViewController.h; sourceTree = "<group>"; };
		029046BE21CA204C000879FE /* ViewController.m */ = {isa = PBXFileReference; lastKnownFileType = sourcecode.c.objc; path = ViewController.m; sourceTree = "<group>"; };
		029046C121CA204C000879FE /* Base */ = {isa = PBXFileReference; lastKnownFileType = file.storyboard; name = Base; path = Base.lproj/Main.storyboard; sourceTree = "<group>"; };
		029046C321CA204E000879FE /* Assets.xcassets */ = {isa = PBXFileReference; lastKnownFileType = folder.assetcatalog; path = Assets.xcassets; sourceTree = "<group>"; };
		029046C621CA204E000879FE /* Base */ = {isa = PBXFileReference; lastKnownFileType = file.storyboard; name = Base; path = Base.lproj/LaunchScreen.storyboard; sourceTree = "<group>"; };
		029046C821CA204E000879FE /* Info.plist */ = {isa = PBXFileReference; lastKnownFileType = text.plist.xml; path = Info.plist; sourceTree = "<group>"; };
		029046C921CA204E000879FE /* main.m */ = {isa = PBXFileReference; lastKnownFileType = sourcecode.c.objc; path = main.m; sourceTree = "<group>"; };
/* End PBXFileReference section */

/* Begin PBXFrameworksBuildPhase section */
		029046B421CA204C000879FE /* Frameworks */ = {
			isa = PBXFrameworksBuildPhase;
			buildActionMask = 2147483647;
			files = (
			);
			runOnlyForDeploymentPostprocessing = 0;
		};
/* End PBXFrameworksBuildPhase section */

/* Begin PBXGroup section */
		029046AE21CA204C000879FE = {
			isa = PBXGroup;
			children = (
				029046B921CA204C000879FE /* TRSpecificationsChooseView */,
				029046B821CA204C000879FE /* Products */,
			);
			sourceTree = "<group>";
		};
		029046B821CA204C000879FE /* Products */ = {
			isa = PBXGroup;
			children = (
				029046B721CA204C000879FE /* TRSpecificationsChooseView.app */,
			);
			name = Products;
			sourceTree = "<group>";
		};
		029046B921CA204C000879FE /* TRSpecificationsChooseView */ = {
			isa = PBXGroup;
			children = (
				029046BA21CA204C000879FE /* AppDelegate.h */,
				029046BB21CA204C000879FE /* AppDelegate.m */,
				029046BD21CA204C000879FE /* ViewController.h */,
				029046BE21CA204C000879FE /* ViewController.m */,
				029046C021CA204C000879FE /* Main.storyboard */,
				029046C321CA204E000879FE /* Assets.xcassets */,
				029046C521CA204E000879FE /* LaunchScreen.storyboard */,
				029046C821CA204E000879FE /* Info.plist */,
				029046C921CA204E000879FE /* main.m */,
			);
			path = TRSpecificationsChooseView;
			sourceTree = "<group>";
		};
/* End PBXGroup section */

/* Begin PBXNativeTarget section */
		029046B621CA204C000879FE /* TRSpecificationsChooseView */ = {
			isa = PBXNativeTarget;
			buildConfigurationList = 029046CD21CA204E000879FE /* Build configuration list for PBXNativeTarget "TRSpecificationsChooseView" */;
			buildPhases = (
				029046B321CA204C000879FE /* Sources */,
				029046B421CA204C000879FE /* Frameworks */,
				029046B521CA204C000879FE /* Resources */,
			);
			buildRules = (
			);
			dependencies = (
			);
			name = TRSpecificationsChooseView;
			productName = TRSpecificationsChooseView;
			productReference = 029046B721CA204C000879FE /* TRSpecificationsChooseView.app */;
			productType = "com.apple.product-type.application";
		};
/* End PBXNativeTarget section */

/* Begin PBXProject section */
		029046AF21CA204C000879FE /* Project object */ = {
			isa = PBXProject;
			attributes = {
				LastUpgradeCheck = 1010;
				ORGANIZATIONNAME = Tracky;
				TargetAttributes = {
					029046B621CA204C000879FE = {
						CreatedOnToolsVersion = 10.1;
					};
				};
			};
			buildConfigurationList = 029046B221CA204C000879FE /* Build configuration list for PBXProject "TRSpecificationsChooseView" */;
			compatibilityVersion = "Xcode 9.3";
			developmentRegion = en;
			hasScannedForEncodings = 0;
			knownRegions = (
				en,
				Base,
			);
			mainGroup = 029046AE21CA204C000879FE;
			productRefGroup = 029046B821CA204C000879FE /* Products */;
			projectDirPath = "";
			projectRoot = "";
			targets = (
				029046B621CA204C000879FE /* TRSpecificationsChooseView */,
			);
		};
/* End PBXProject section */

/* Begin PBXResourcesBuildPhase section */
		029046B521CA204C000879FE /* Resources */ = {
			isa = PBXResourcesBuildPhase;
			buildActionMask = 2147483647;
			files = (
				029046C721CA204E000879FE /* LaunchScreen.storyboard in Resources */,
				029046C421CA204E000879FE /* Assets.xcassets in Resources */,
				029046C221CA204C000879FE /* Main.storyboard in Resources */,
			);
			runOnlyForDeploymentPostprocessing = 0;
		};
/* End PBXResourcesBuildPhase section */

/* Begin PBXSourcesBuildPhase section */
		029046B321CA204C000879FE /* Sources */ = {
			isa = PBXSourcesBuildPhase;
			buildActionMask = 2147483647;
			files = (
				029046BF21CA204C000879FE /* ViewController.m in Sources */,
				029046CA21CA204E000879FE /* main.m in Sources */,
				029046BC21CA204C000879FE /* AppDelegate.m in Sources */,
			);
			runOnlyForDeploymentPostprocessing = 0;
		};
/* End PBXSourcesBuildPhase section */

/* Begin PBXVariantGroup section */
		029046C021CA204C000879FE /* Main.storyboard */ = {
			isa = PBXVariantGroup;
			children = (
				029046C121CA204C000879FE /* Base */,
			);
			name = Main.storyboard;
			sourceTree = "<group>";
		};
		029046C521CA204E000879FE /* LaunchScreen.storyboard */ = {
			isa = PBXVariantGroup;
			children = (
				029046C621CA204E000879FE /* Base */,
			);
			name = LaunchScreen.storyboard;
			sourceTree = "<group>";
		};
/* End PBXVariantGroup section */

/* Begin XCBuildConfiguration section */
		029046CB21CA204E000879FE /* Debug */ = {
			isa = XCBuildConfiguration;
			buildSettings = {
				ALWAYS_SEARCH_USER_PATHS = NO;
				CLANG_ANALYZER_NONNULL = YES;
				CLANG_ANALYZER_NUMBER_OBJECT_CONVERSION = YES_AGGRESSIVE;
				CLANG_CXX_LANGUAGE_STANDARD = "gnu++14";
				CLANG_CXX_LIBRARY = "libc++";
				CLANG_ENABLE_MODULES = YES;
				CLANG_ENABLE_OBJC_ARC = YES;
				CLANG_ENABLE_OBJC_WEAK = YES;
				CLANG_WARN_BLOCK_CAPTURE_AUTORELEASING = YES;
				CLANG_WARN_BOOL_CONVERSION = YES;
				CLANG_WARN_COMMA = YES;
				CLANG_WARN_CONSTANT_CONVERSION = YES;
				CLANG_WARN_DEPRECATED_OBJC_IMPLEMENTATIONS = YES;
				CLANG_WARN_DIRECT_OBJC_ISA_USAGE = YES_ERROR;
				CLANG_WARN_DOCUMENTATION_COMMENTS = YES;
				CLANG_WARN_EMPTY_BODY = YES;
				CLANG_WARN_ENUM_CONVERSION = YES;
				CLANG_WARN_INFINITE_RECURSION = YES;
				CLANG_WARN_INT_CONVERSION = YES;
				CLANG_WARN_NON_LITERAL_NULL_CONVERSION = YES;
				CLANG_WARN_OBJC_IMPLICIT_RETAIN_SELF = YES;
				CLANG_WARN_OBJC_LITERAL_CONVERSION = YES;
				CLANG_WARN_OBJC_ROOT_CLASS = YES_ERROR;
				CLANG_WARN_RANGE_LOOP_ANALYSIS = YES;
				CLANG_WARN_STRICT_PROTOTYPES = YES;
				CLANG_WARN_SUSPICIOUS_MOVE = YES;
				CLANG_WARN_UNGUARDED_AVAILABILITY = YES_AGGRESSIVE;
				CLANG_WARN_UNREACHABLE_CODE = YES;
				CLANG_WARN__DUPLICATE_METHOD_MATCH = YES;
				CODE_SIGN_IDENTITY = "iPhone Developer";
				COPY_PHASE_STRIP = NO;
				DEBUG_INFORMATION_FORMAT = dwarf;
				ENABLE_STRICT_OBJC_MSGSEND = YES;
				ENABLE_TESTABILITY = YES;
				GCC_C_LANGUAGE_STANDARD = gnu11;
				GCC_DYNAMIC_NO_PIC = NO;
				GCC_NO_COMMON_BLOCKS = YES;
				GCC_OPTIMIZATION_LEVEL = 0;
				GCC_PREPROCESSOR_DEFINITIONS = (
					"DEBUG=1",
					"$(inherited)",
				);
				GCC_WARN_64_TO_32_BIT_CONVERSION = YES;
				GCC_WARN_ABOUT_RETURN_TYPE = YES_ERROR;
				GCC_WARN_UNDECLARED_SELECTOR = YES;
				GCC_WARN_UNINITIALIZED_AUTOS = YES_AGGRESSIVE;
				GCC_WARN_UNUSED_FUNCTION = YES;
				GCC_WARN_UNUSED_VARIABLE = YES;
				IPHONEOS_DEPLOYMENT_TARGET = 12.1;
				MTL_ENABLE_DEBUG_INFO = INCLUDE_SOURCE;
				MTL_FAST_MATH = YES;
				ONLY_ACTIVE_ARCH = YES;
				SDKROOT = iphoneos;
			};
			name = Debug;
		};
		029046CC21CA204E000879FE /* Release */ = {
			isa = XCBuildConfiguration;
			buildSettings = {
				ALWAYS_SEARCH_USER_PATHS = NO;
				CLANG_ANALYZER_NONNULL = YES;
				CLANG_ANALYZER_NUMBER_OBJECT_CONVERSION = YES_AGGRESSIVE;
				CLANG_CXX_LANGUAGE_STANDARD = "gnu++14";
				CLANG_CXX_LIBRARY = "libc++";
				CLANG_ENABLE_MODULES = YES;
				CLANG_ENABLE_OBJC_ARC = YES;
				CLANG_ENABLE_OBJC_WEAK = YES;
				CLANG_WARN_BLOCK_CAPTURE_AUTORELEASING = YES;
				CLANG_WARN_BOOL_CONVERSION = YES;
				CLANG_WARN_COMMA = YES;
				CLANG_WARN_CONSTANT_CONVERSION = YES;
				CLANG_WARN_DEPRECATED_OBJC_IMPLEMENTATIONS = YES;
				CLANG_WARN_DIRECT_OBJC_ISA_USAGE = YES_ERROR;
				CLANG_WARN_DOCUMENTATION_COMMENTS = YES;
				CLANG_WARN_EMPTY_BODY = YES;
				CLANG_WARN_ENUM_CONVERSION = YES;
				CLANG_WARN_INFINITE_RECURSION = YES;
				CLANG_WARN_INT_CONVERSION = YES;
				CLANG_WARN_NON_LITERAL_NULL_CONVERSION = YES;
				CLANG_WARN_OBJC_IMPLICIT_RETAIN_SELF = YES;
				CLANG_WARN_OBJC_LITERAL_CONVERSION = YES;
				CLANG_WARN_OBJC_ROOT_CLASS = YES_ERROR;
				CLANG_WARN_RANGE_LOOP_ANALYSIS = YES;
				CLANG_WARN_STRICT_PROTOTYPES = YES;
				CLANG_WARN_SUSPICIOUS_MOVE = YES;
				CLANG_WARN_UNGUARDED_AVAILABILITY = YES_AGGRESSIVE;
				CLANG_WARN_UNREACHABLE_CODE = YES;
				CLANG_WARN__DUPLICATE_METHOD_MATCH = YES;
				CODE_SIGN_IDENTITY = "iPhone Developer";
				COPY_PHASE_STRIP = NO;
				DEBUG_INFORMATION_FORMAT = "dwarf-with-dsym";
				ENABLE_NS_ASSERTIONS = NO;
				ENABLE_STRICT_OBJC_MSGSEND = YES;
				GCC_C_LANGUAGE_STANDARD = gnu11;
				GCC_NO_COMMON_BLOCKS = YES;
				GCC_WARN_64_TO_32_BIT_CONVERSION = YES;
				GCC_WARN_ABOUT_RETURN_TYPE = YES_ERROR;
				GCC_WARN_UNDECLARED_SELECTOR = YES;
				GCC_WARN_UNINITIALIZED_AUTOS = YES_AGGRESSIVE;
				GCC_WARN_UNUSED_FUNCTION = YES;
				GCC_WARN_UNUSED_VARIABLE = YES;
				IPHONEOS_DEPLOYMENT_TARGET = 12.1;
				MTL_ENABLE_DEBUG_INFO = NO;
				MTL_FAST_MATH = YES;
				SDKROOT = iphoneos;
				VALIDATE_PRODUCT = YES;
			};
			name = Release;
		};
		029046CE21CA204E000879FE /* Debug */ = {
			isa = XCBuildConfiguration;
			buildSettings = {
				ASSETCATALOG_COMPILER_APPICON_NAME = AppIcon;
				CODE_SIGN_STYLE = Automatic;
				INFOPLIST_FILE = TRSpecificationsChooseView/Info.plist;
				LD_RUNPATH_SEARCH_PATHS = (
					"$(inherited)",
					"@executable_path/Frameworks",
				);
				PRODUCT_BUNDLE_IDENTIFIER = www.TR.com.TRSpecificationsChooseView;
				PRODUCT_NAME = "$(TARGET_NAME)";
				TARGETED_DEVICE_FAMILY = "1,2";
			};
			name = Debug;
		};
		029046CF21CA204E000879FE /* Release */ = {
			isa = XCBuildConfiguration;
			buildSettings = {
				ASSETCATALOG_COMPILER_APPICON_NAME = AppIcon;
				CODE_SIGN_STYLE = Automatic;
				INFOPLIST_FILE = TRSpecificationsChooseView/Info.plist;
				LD_RUNPATH_SEARCH_PATHS = (
					"$(inherited)",
					"@executable_path/Frameworks",
				);
				PRODUCT_BUNDLE_IDENTIFIER = www.TR.com.TRSpecificationsChooseView;
				PRODUCT_NAME = "$(TARGET_NAME)";
				TARGETED_DEVICE_FAMILY = "1,2";
			};
			name = Release;
		};
/* End XCBuildConfiguration section */

/* Begin XCConfigurationList section */
		029046B221CA204C000879FE /* Build configuration list for PBXProject "TRSpecificationsChooseView" */ = {
			isa = XCConfigurationList;
			buildConfigurations = (
				029046CB21CA204E000879FE /* Debug */,
				029046CC21CA204E000879FE /* Release */,
			);
			defaultConfigurationIsVisible = 0;
			defaultConfigurationName = Release;
		};
		029046CD21CA204E000879FE /* Build configuration list for PBXNativeTarget "TRSpecificationsChooseView" */ = {
			isa = XCConfigurationList;
			buildConfigurations = (
				029046CE21CA204E000879FE /* Debug */,
				029046CF21CA204E000879FE /* Release */,
			);
			defaultConfigurationIsVisible = 0;
			defaultConfigurationName = Release;
		};
/* End XCConfigurationList section */
	};
	rootObject = 029046AF21CA204C000879FE /* Project object */;
}
